Microsoft Visual Studio Solution File, Format Version 11.00
# Visual Studio 2008

Project("{0FA6EADD-FFE2-8DF5-F6D1-18349F3B53E3}") = "reels-master", "Assembly-CSharp.csproj", "{B17DF2F2-889D-2A4D-EFBB-8B11EEBD2F66}"
EndProject
Global
	GlobalSection(SolutionConfigurationPlatforms) = preSolution
		Debug|Any CPU = Debug|Any CPU
		Release|Any CPU = Release|Any CPU
	EndGlobalSection
	GlobalSection(ProjectConfigurationPlatforms) = postSolution
		{B17DF2F2-889D-2A4D-EFBB-8B11EEBD2F66}.Debug|Any CPU.ActiveCfg = Debug|Any CPU
		{B17DF2F2-889D-2A4D-EFBB-8B11EEBD2F66}.Debug|Any CPU.Build.0 = Debug|Any CPU
		{B17DF2F2-889D-2A4D-EFBB-8B11EEBD2F66}.Release|Any CPU.ActiveCfg = Release|Any CPU
		{B17DF2F2-889D-2A4D-EFBB-8B11EEBD2F66}.Release|Any CPU.Build.0 = Release|Any CPU
	EndGlobalSection
	GlobalSection(SolutionProperties) = preSolution
		HideSolutionNode = FALSE
	EndGlobalSection
	GlobalSection(MonoDevelopProperties) = preSolution
		StartupItem = Assembly-CSharp.csproj
	EndGlobalSection
EndGlobal
