Microsoft Visual Studio Solution File, Format Version 11.00
# Visual Studio 2008

Project("{ADA614BC-804F-2857-48EE-00B6A413216E}") = "Reels", "Assembly-CSharp.csproj", "{FF5D0D6F-F5A4-01D6-2A13-E88966D35D66}"
EndProject
Global
	GlobalSection(SolutionConfigurationPlatforms) = preSolution
		Debug|Any CPU = Debug|Any CPU
		Release|Any CPU = Release|Any CPU
	EndGlobalSection
	GlobalSection(ProjectConfigurationPlatforms) = postSolution
		{FF5D0D6F-F5A4-01D6-2A13-E88966D35D66}.Debug|Any CPU.ActiveCfg = Debug|Any CPU
		{FF5D0D6F-F5A4-01D6-2A13-E88966D35D66}.Debug|Any CPU.Build.0 = Debug|Any CPU
		{FF5D0D6F-F5A4-01D6-2A13-E88966D35D66}.Release|Any CPU.ActiveCfg = Release|Any CPU
		{FF5D0D6F-F5A4-01D6-2A13-E88966D35D66}.Release|Any CPU.Build.0 = Release|Any CPU
	EndGlobalSection
	GlobalSection(SolutionProperties) = preSolution
		HideSolutionNode = FALSE
	EndGlobalSection
	GlobalSection(MonoDevelopProperties) = preSolution
		StartupItem = Assembly-CSharp.csproj
	EndGlobalSection
EndGlobal
